
Microsoft Visual Studio Solution File, Format Version 11.00
# Visual Studio 2010
Project("{2150E333-8FDC-42A3-9474-1A3956D46DE8}") = "Solution Items", "Solution Items", "{03D5B727-F636-422F-8F0B-D08EFC32E029}"
	ProjectSection(SolutionItems) = preProject
		SharedAssemblyInfo.cs = SharedAssemblyInfo.cs
	EndProjectSection
EndProject
Project("{2150E333-8FDC-42A3-9474-1A3956D46DE8}") = "Documentation", "Documentation", "{578645F9-418C-47AA-A633-E0D9BFA5D0A4}"
EndProject
Project("{2150E333-8FDC-42A3-9474-1A3956D46DE8}") = "Build", "Build", "{07553EEC-BC07-4124-8758-733C51CEF62B}"
	ProjectSection(SolutionItems) = preProject
		..\Build\DynamicImageTeamCityBuild.msbuild = ..\Build\DynamicImageTeamCityBuild.msbuild
	EndProjectSection
EndProject
Project("{FAE04EC0-301F-11D3-BF4B-00C04F79EFBC}") = "SoundInTheory.DynamicImage", "SoundInTheory.DynamicImage\SoundInTheory.DynamicImage.csproj", "{15F7FF82-B018-42E0-A94D-2CAAE491C248}"
EndProject
Project("{FAE04EC0-301F-11D3-BF4B-00C04F79EFBC}") = "SoundInTheory.DynamicImage.Design", "SoundInTheory.DynamicImage.Design\SoundInTheory.DynamicImage.Design.csproj", "{D211365C-051D-4875-A099-BC2E09469A26}"
EndProject
Project("{FAE04EC0-301F-11D3-BF4B-00C04F79EFBC}") = "SoundInTheory.DynamicImage.Tests", "SoundInTheory.DynamicImage.Tests\SoundInTheory.DynamicImage.Tests.csproj", "{B3BE395E-372A-4EAF-9376-FED924662E8C}"
EndProject
Project("{FAE04EC0-301F-11D3-BF4B-00C04F79EFBC}") = "SoundInTheory.DynamicImage.Caching.Sql", "SoundInTheory.DynamicImage.Caching.Sql\SoundInTheory.DynamicImage.Caching.Sql.csproj", "{E9D3755A-7853-436D-80E9-BD7123B5CF82}"
EndProject
Project("{FAE04EC0-301F-11D3-BF4B-00C04F79EFBC}") = "SoundInTheory.DynamicImage.WebsiteDemo", "SoundInTheory.DynamicImage.WebsiteDemo\SoundInTheory.DynamicImage.WebsiteDemo.csproj", "{222C85DF-0D06-41D9-A097-2D5D48891C96}"
EndProject
Global
	GlobalSection(SolutionConfigurationPlatforms) = preSolution
		Debug|Any CPU = Debug|Any CPU
		Release|Any CPU = Release|Any CPU
	EndGlobalSection
	GlobalSection(ProjectConfigurationPlatforms) = postSolution
		{15F7FF82-B018-42E0-A94D-2CAAE491C248}.Debug|Any CPU.ActiveCfg = Debug|Any CPU
		{15F7FF82-B018-42E0-A94D-2CAAE491C248}.Debug|Any CPU.Build.0 = Debug|Any CPU
		{15F7FF82-B018-42E0-A94D-2CAAE491C248}.Release|Any CPU.ActiveCfg = Release|Any CPU
		{15F7FF82-B018-42E0-A94D-2CAAE491C248}.Release|Any CPU.Build.0 = Release|Any CPU
		{D211365C-051D-4875-A099-BC2E09469A26}.Debug|Any CPU.ActiveCfg = Debug|Any CPU
		{D211365C-051D-4875-A099-BC2E09469A26}.Debug|Any CPU.Build.0 = Debug|Any CPU
		{D211365C-051D-4875-A099-BC2E09469A26}.Release|Any CPU.ActiveCfg = Release|Any CPU
		{D211365C-051D-4875-A099-BC2E09469A26}.Release|Any CPU.Build.0 = Release|Any CPU
		{B3BE395E-372A-4EAF-9376-FED924662E8C}.Debug|Any CPU.ActiveCfg = Debug|Any CPU
		{B3BE395E-372A-4EAF-9376-FED924662E8C}.Debug|Any CPU.Build.0 = Debug|Any CPU
		{B3BE395E-372A-4EAF-9376-FED924662E8C}.Release|Any CPU.ActiveCfg = Release|Any CPU
		{B3BE395E-372A-4EAF-9376-FED924662E8C}.Release|Any CPU.Build.0 = Release|Any CPU
		{E9D3755A-7853-436D-80E9-BD7123B5CF82}.Debug|Any CPU.ActiveCfg = Debug|Any CPU
		{E9D3755A-7853-436D-80E9-BD7123B5CF82}.Debug|Any CPU.Build.0 = Debug|Any CPU
		{E9D3755A-7853-436D-80E9-BD7123B5CF82}.Release|Any CPU.ActiveCfg = Release|Any CPU
		{E9D3755A-7853-436D-80E9-BD7123B5CF82}.Release|Any CPU.Build.0 = Release|Any CPU
		{222C85DF-0D06-41D9-A097-2D5D48891C96}.Debug|Any CPU.ActiveCfg = Debug|Any CPU
		{222C85DF-0D06-41D9-A097-2D5D48891C96}.Debug|Any CPU.Build.0 = Debug|Any CPU
		{222C85DF-0D06-41D9-A097-2D5D48891C96}.Release|Any CPU.ActiveCfg = Release|Any CPU
		{222C85DF-0D06-41D9-A097-2D5D48891C96}.Release|Any CPU.Build.0 = Release|Any CPU
	EndGlobalSection
	GlobalSection(SolutionProperties) = preSolution
		HideSolutionNode = FALSE
	EndGlobalSection
	GlobalSection(NestedProjects) = preSolution
		{578645F9-418C-47AA-A633-E0D9BFA5D0A4} = {03D5B727-F636-422F-8F0B-D08EFC32E029}
		{07553EEC-BC07-4124-8758-733C51CEF62B} = {03D5B727-F636-422F-8F0B-D08EFC32E029}
	EndGlobalSection
EndGlobal
