
Microsoft Visual Studio Solution File, Format Version 12.00
# Visual Studio 2013
VisualStudioVersion = 12.0.30723.0
MinimumVisualStudioVersion = 10.0.40219.1
Project("{2150E333-8FDC-42A3-9474-1A3956D46DE8}") = "Solution Items", "Solution Items", "{03D5B727-F636-422F-8F0B-D08EFC32E029}"
	ProjectSection(SolutionItems) = preProject
		..\appveyor.yml = ..\appveyor.yml
		..\CHANGELOG.markdown = ..\CHANGELOG.markdown
		..\README.markdown = ..\README.markdown
	EndProjectSection
EndProject
Project("{FAE04EC0-301F-11D3-BF4B-00C04F79EFBC}") = "SoundInTheory.DynamicImage", "SoundInTheory.DynamicImage\SoundInTheory.DynamicImage.csproj", "{15F7FF82-B018-42E0-A94D-2CAAE491C248}"
EndProject
Project("{FAE04EC0-301F-11D3-BF4B-00C04F79EFBC}") = "SoundInTheory.DynamicImage.Tests", "SoundInTheory.DynamicImage.Tests\SoundInTheory.DynamicImage.Tests.csproj", "{B3BE395E-372A-4EAF-9376-FED924662E8C}"
EndProject
Project("{FAE04EC0-301F-11D3-BF4B-00C04F79EFBC}") = "SoundInTheory.DynamicImage.Website", "SoundInTheory.DynamicImage.Website\SoundInTheory.DynamicImage.Website.csproj", "{24999D8E-A887-48E2-B30F-0A97FBB2EBFB}"
EndProject
Project("{FAE04EC0-301F-11D3-BF4B-00C04F79EFBC}") = "SoundInTheory.DynamicImage.Mvc", "SoundInTheory.DynamicImage.Mvc\SoundInTheory.DynamicImage.Mvc.csproj", "{B7A0D43C-DF4A-4070-840F-156C92E9F54F}"
EndProject
Project("{FAE04EC0-301F-11D3-BF4B-00C04F79EFBC}") = "SoundInTheory.DynamicImage.Extensions.ContentAwareResizing", "SoundInTheory.DynamicImage.Extensions.ContentAwareResizing\SoundInTheory.DynamicImage.Extensions.ContentAwareResizing.csproj", "{8331A331-78AB-4C35-824B-27908AB11065}"
EndProject
Project("{FAE04EC0-301F-11D3-BF4B-00C04F79EFBC}") = "SoundInTheory.DynamicImage.Extensions.Pdf", "SoundInTheory.DynamicImage.Extensions.Pdf\SoundInTheory.DynamicImage.Extensions.Pdf.csproj", "{F2B9BCE6-12C4-4BFA-B562-67E3982EE34E}"
EndProject
Project("{FAE04EC0-301F-11D3-BF4B-00C04F79EFBC}") = "SoundInTheory.DynamicImage.Extensions.Rendered3D", "SoundInTheory.DynamicImage.Extensions.Rendered3D\SoundInTheory.DynamicImage.Extensions.Rendered3D.csproj", "{789BE1A0-2E7D-4663-B1B4-3A3D205C4A7E}"
EndProject
Project("{FAE04EC0-301F-11D3-BF4B-00C04F79EFBC}") = "SoundInTheory.DynamicImage.Extensions.WebsiteScreenshot", "SoundInTheory.DynamicImage.Extensions.WebsiteScreenshot\SoundInTheory.DynamicImage.Extensions.WebsiteScreenshot.csproj", "{FCB2559E-8CC6-40E2-882B-03C71533D859}"
EndProject
Project("{FAE04EC0-301F-11D3-BF4B-00C04F79EFBC}") = "SoundInTheory.DynamicImage.Mvc4", "SoundInTheory.DynamicImage.Mvc4\SoundInTheory.DynamicImage.Mvc4.csproj", "{FDDDA270-BEDD-413F-BBB9-7C836688330E}"
EndProject
Global
	GlobalSection(SolutionConfigurationPlatforms) = preSolution
		Debug|Any CPU = Debug|Any CPU
		Release|Any CPU = Release|Any CPU
	EndGlobalSection
	GlobalSection(ProjectConfigurationPlatforms) = postSolution
		{15F7FF82-B018-42E0-A94D-2CAAE491C248}.Debug|Any CPU.ActiveCfg = Debug|Any CPU
		{15F7FF82-B018-42E0-A94D-2CAAE491C248}.Debug|Any CPU.Build.0 = Debug|Any CPU
		{15F7FF82-B018-42E0-A94D-2CAAE491C248}.Release|Any CPU.ActiveCfg = Release|Any CPU
		{15F7FF82-B018-42E0-A94D-2CAAE491C248}.Release|Any CPU.Build.0 = Release|Any CPU
		{B3BE395E-372A-4EAF-9376-FED924662E8C}.Debug|Any CPU.ActiveCfg = Debug|Any CPU
		{B3BE395E-372A-4EAF-9376-FED924662E8C}.Debug|Any CPU.Build.0 = Debug|Any CPU
		{B3BE395E-372A-4EAF-9376-FED924662E8C}.Release|Any CPU.ActiveCfg = Release|Any CPU
		{B3BE395E-372A-4EAF-9376-FED924662E8C}.Release|Any CPU.Build.0 = Release|Any CPU
		{24999D8E-A887-48E2-B30F-0A97FBB2EBFB}.Debug|Any CPU.ActiveCfg = Debug|Any CPU
		{24999D8E-A887-48E2-B30F-0A97FBB2EBFB}.Debug|Any CPU.Build.0 = Debug|Any CPU
		{24999D8E-A887-48E2-B30F-0A97FBB2EBFB}.Release|Any CPU.ActiveCfg = Release|Any CPU
		{24999D8E-A887-48E2-B30F-0A97FBB2EBFB}.Release|Any CPU.Build.0 = Release|Any CPU
		{B7A0D43C-DF4A-4070-840F-156C92E9F54F}.Debug|Any CPU.ActiveCfg = Debug|Any CPU
		{B7A0D43C-DF4A-4070-840F-156C92E9F54F}.Debug|Any CPU.Build.0 = Debug|Any CPU
		{B7A0D43C-DF4A-4070-840F-156C92E9F54F}.Release|Any CPU.ActiveCfg = Release|Any CPU
		{B7A0D43C-DF4A-4070-840F-156C92E9F54F}.Release|Any CPU.Build.0 = Release|Any CPU
		{8331A331-78AB-4C35-824B-27908AB11065}.Debug|Any CPU.ActiveCfg = Debug|Any CPU
		{8331A331-78AB-4C35-824B-27908AB11065}.Debug|Any CPU.Build.0 = Debug|Any CPU
		{8331A331-78AB-4C35-824B-27908AB11065}.Release|Any CPU.ActiveCfg = Release|Any CPU
		{8331A331-78AB-4C35-824B-27908AB11065}.Release|Any CPU.Build.0 = Release|Any CPU
		{F2B9BCE6-12C4-4BFA-B562-67E3982EE34E}.Debug|Any CPU.ActiveCfg = Debug|Any CPU
		{F2B9BCE6-12C4-4BFA-B562-67E3982EE34E}.Debug|Any CPU.Build.0 = Debug|Any CPU
		{F2B9BCE6-12C4-4BFA-B562-67E3982EE34E}.Release|Any CPU.ActiveCfg = Release|Any CPU
		{F2B9BCE6-12C4-4BFA-B562-67E3982EE34E}.Release|Any CPU.Build.0 = Release|Any CPU
		{789BE1A0-2E7D-4663-B1B4-3A3D205C4A7E}.Debug|Any CPU.ActiveCfg = Debug|Any CPU
		{789BE1A0-2E7D-4663-B1B4-3A3D205C4A7E}.Debug|Any CPU.Build.0 = Debug|Any CPU
		{789BE1A0-2E7D-4663-B1B4-3A3D205C4A7E}.Release|Any CPU.ActiveCfg = Release|Any CPU
		{789BE1A0-2E7D-4663-B1B4-3A3D205C4A7E}.Release|Any CPU.Build.0 = Release|Any CPU
		{FCB2559E-8CC6-40E2-882B-03C71533D859}.Debug|Any CPU.ActiveCfg = Debug|Any CPU
		{FCB2559E-8CC6-40E2-882B-03C71533D859}.Debug|Any CPU.Build.0 = Debug|Any CPU
		{FCB2559E-8CC6-40E2-882B-03C71533D859}.Release|Any CPU.ActiveCfg = Release|Any CPU
		{FCB2559E-8CC6-40E2-882B-03C71533D859}.Release|Any CPU.Build.0 = Release|Any CPU
		{FDDDA270-BEDD-413F-BBB9-7C836688330E}.Debug|Any CPU.ActiveCfg = Debug|Any CPU
		{FDDDA270-BEDD-413F-BBB9-7C836688330E}.Debug|Any CPU.Build.0 = Debug|Any CPU
		{FDDDA270-BEDD-413F-BBB9-7C836688330E}.Release|Any CPU.ActiveCfg = Release|Any CPU
		{FDDDA270-BEDD-413F-BBB9-7C836688330E}.Release|Any CPU.Build.0 = Release|Any CPU
	EndGlobalSection
	GlobalSection(SolutionProperties) = preSolution
		HideSolutionNode = FALSE
	EndGlobalSection
EndGlobal
